// !$*UTF8*$!
{
	archiveVersion = 1;
	classes = {
	};
	objectVersion = 50;
	objects = {

/* Begin PBXBuildFile section */
		4A067CDE22F2A68900676FAD /* AudioToolbox.framework in Frameworks */ = {isa = PBXBuildFile; fileRef = 4A067CDD22F2A68900676FAD /* AudioToolbox.framework */; };
		4A12982122F3D1FC0015FC38 /* PlayAudioUnit.swift in Sources */ = {isa = PBXBuildFile; fileRef = 4A12982022F3D1FC0015FC38 /* PlayAudioUnit.swift */; };
		4A70985422F7D277001C2ECE /* PlayAudioSpeech.swift in Sources */ = {isa = PBXBuildFile; fileRef = 4A70985322F7D277001C2ECE /* PlayAudioSpeech.swift */; };
		4ABAB45C2300FF41002198A4 /* PlayerALStream.swift in Sources */ = {isa = PBXBuildFile; fileRef = 4ABAB45B2300FF41002198A4 /* PlayerALStream.swift */; };
		4ACB71D022E6CC9A002F9A83 /* AppDelegate.swift in Sources */ = {isa = PBXBuildFile; fileRef = 4ACB71CF22E6CC9A002F9A83 /* AppDelegate.swift */; };
		4ACB71D222E6CC9A002F9A83 /* ViewController.swift in Sources */ = {isa = PBXBuildFile; fileRef = 4ACB71D122E6CC9A002F9A83 /* ViewController.swift */; };
		4ACB71D422E6CC9C002F9A83 /* Assets.xcassets in Resources */ = {isa = PBXBuildFile; fileRef = 4ACB71D322E6CC9C002F9A83 /* Assets.xcassets */; };
		4ACB71D722E6CC9C002F9A83 /* Main.storyboard in Resources */ = {isa = PBXBuildFile; fileRef = 4ACB71D522E6CC9C002F9A83 /* Main.storyboard */; };
		4ACB71E322E6CC9C002F9A83 /* audioTests.swift in Sources */ = {isa = PBXBuildFile; fileRef = 4ACB71E222E6CC9C002F9A83 /* audioTests.swift */; };
		4ACB71EE22E6CC9C002F9A83 /* audioUITests.swift in Sources */ = {isa = PBXBuildFile; fileRef = 4ACB71ED22E6CC9C002F9A83 /* audioUITests.swift */; };
		4ACB71FC22E6CCF4002F9A83 /* PlayAudio.swift in Sources */ = {isa = PBXBuildFile; fileRef = 4ACB71FB22E6CCF4002F9A83 /* PlayAudio.swift */; };
		4AD9312722FA6A2E00F32B5A /* PlayAL.swift in Sources */ = {isa = PBXBuildFile; fileRef = 4AD9312622FA6A2E00F32B5A /* PlayAL.swift */; };
		4AFF36A722F43F16005E0541 /* PlayAudioBuffer.swift in Sources */ = {isa = PBXBuildFile; fileRef = 4AFF36A622F43F16005E0541 /* PlayAudioBuffer.swift */; };
/* End PBXBuildFile section */

/* Begin PBXContainerItemProxy section */
		4ACB71DF22E6CC9C002F9A83 /* PBXContainerItemProxy */ = {
			isa = PBXContainerItemProxy;
			containerPortal = 4ACB71C422E6CC9A002F9A83 /* Project object */;
			proxyType = 1;
			remoteGlobalIDString = 4ACB71CB22E6CC9A002F9A83;
			remoteInfo = audio;
		};
		4ACB71EA22E6CC9C002F9A83 /* PBXContainerItemProxy */ = {
			isa = PBXContainerItemProxy;
			containerPortal = 4ACB71C422E6CC9A002F9A83 /* Project object */;
			proxyType = 1;
			remoteGlobalIDString = 4ACB71CB22E6CC9A002F9A83;
			remoteInfo = audio;
		};
/* End PBXContainerItemProxy section */

/* Begin PBXFileReference section */
		4A067CDD22F2A68900676FAD /* AudioToolbox.framework */ = {isa = PBXFileReference; lastKnownFileType = wrapper.framework; name = AudioToolbox.framework; path = System/Library/Frameworks/AudioToolbox.framework; sourceTree = SDKROOT; };
		4A12982022F3D1FC0015FC38 /* PlayAudioUnit.swift */ = {isa = PBXFileReference; lastKnownFileType = sourcecode.swift; path = PlayAudioUnit.swift; sourceTree = "<group>"; };
		4A70985322F7D277001C2ECE /* PlayAudioSpeech.swift */ = {isa = PBXFileReference; lastKnownFileType = sourcecode.swift; path = PlayAudioSpeech.swift; sourceTree = "<group>"; };
		4ABAB45B2300FF41002198A4 /* PlayerALStream.swift */ = {isa = PBXFileReference; lastKnownFileType = sourcecode.swift; path = PlayerALStream.swift; sourceTree = "<group>"; };
		4ACB71CC22E6CC9A002F9A83 /* audio.app */ = {isa = PBXFileReference; explicitFileType = wrapper.application; includeInIndex = 0; path = audio.app; sourceTree = BUILT_PRODUCTS_DIR; };
		4ACB71CF22E6CC9A002F9A83 /* AppDelegate.swift */ = {isa = PBXFileReference; lastKnownFileType = sourcecode.swift; path = AppDelegate.swift; sourceTree = "<group>"; };
		4ACB71D122E6CC9A002F9A83 /* ViewController.swift */ = {isa = PBXFileReference; lastKnownFileType = sourcecode.swift; path = ViewController.swift; sourceTree = "<group>"; };
		4ACB71D322E6CC9C002F9A83 /* Assets.xcassets */ = {isa = PBXFileReference; lastKnownFileType = folder.assetcatalog; path = Assets.xcassets; sourceTree = "<group>"; };
		4ACB71D622E6CC9C002F9A83 /* Base */ = {isa = PBXFileReference; lastKnownFileType = file.storyboard; name = Base; path = Base.lproj/Main.storyboard; sourceTree = "<group>"; };
		4ACB71D822E6CC9C002F9A83 /* Info.plist */ = {isa = PBXFileReference; lastKnownFileType = text.plist.xml; path = Info.plist; sourceTree = "<group>"; };
		4ACB71D922E6CC9C002F9A83 /* audio.entitlements */ = {isa = PBXFileReference; lastKnownFileType = text.plist.entitlements; path = audio.entitlements; sourceTree = "<group>"; };
		4ACB71DE22E6CC9C002F9A83 /* audioTests.xctest */ = {isa = PBXFileReference; explicitFileType = wrapper.cfbundle; includeInIndex = 0; path = audioTests.xctest; sourceTree = BUILT_PRODUCTS_DIR; };
		4ACB71E222E6CC9C002F9A83 /* audioTests.swift */ = {isa = PBXFileReference; lastKnownFileType = sourcecode.swift; path = audioTests.swift; sourceTree = "<group>"; };
		4ACB71E422E6CC9C002F9A83 /* Info.plist */ = {isa = PBXFileReference; lastKnownFileType = text.plist.xml; path = Info.plist; sourceTree = "<group>"; };
		4ACB71E922E6CC9C002F9A83 /* audioUITests.xctest */ = {isa = PBXFileReference; explicitFileType = wrapper.cfbundle; includeInIndex = 0; path = audioUITests.xctest; sourceTree = BUILT_PRODUCTS_DIR; };
		4ACB71ED22E6CC9C002F9A83 /* audioUITests.swift */ = {isa = PBXFileReference; lastKnownFileType = sourcecode.swift; path = audioUITests.swift; sourceTree = "<group>"; };
		4ACB71EF22E6CC9C002F9A83 /* Info.plist */ = {isa = PBXFileReference; lastKnownFileType = text.plist.xml; path = Info.plist; sourceTree = "<group>"; };
		4ACB71FB22E6CCF4002F9A83 /* PlayAudio.swift */ = {isa = PBXFileReference; lastKnownFileType = sourcecode.swift; path = PlayAudio.swift; sourceTree = "<group>"; };
		4AD9312622FA6A2E00F32B5A /* PlayAL.swift */ = {isa = PBXFileReference; lastKnownFileType = sourcecode.swift; path = PlayAL.swift; sourceTree = "<group>"; };
		4AFF36A622F43F16005E0541 /* PlayAudioBuffer.swift */ = {isa = PBXFileReference; lastKnownFileType = sourcecode.swift; path = PlayAudioBuffer.swift; sourceTree = "<group>"; };
/* End PBXFileReference section */

/* Begin PBXFrameworksBuildPhase section */
		4ACB71C922E6CC9A002F9A83 /* Frameworks */ = {
			isa = PBXFrameworksBuildPhase;
			buildActionMask = 2147483647;
			files = (
				4A067CDE22F2A68900676FAD /* AudioToolbox.framework in Frameworks */,
			);
			runOnlyForDeploymentPostprocessing = 0;
		};
		4ACB71DB22E6CC9C002F9A83 /* Frameworks */ = {
			isa = PBXFrameworksBuildPhase;
			buildActionMask = 2147483647;
			files = (
			);
			runOnlyForDeploymentPostprocessing = 0;
		};
		4ACB71E622E6CC9C002F9A83 /* Frameworks */ = {
			isa = PBXFrameworksBuildPhase;
			buildActionMask = 2147483647;
			files = (
			);
			runOnlyForDeploymentPostprocessing = 0;
		};
/* End PBXFrameworksBuildPhase section */

/* Begin PBXGroup section */
		4A067CDC22F2A68800676FAD /* Frameworks */ = {
			isa = PBXGroup;
			children = (
				4A067CDD22F2A68900676FAD /* AudioToolbox.framework */,
			);
			name = Frameworks;
			sourceTree = "<group>";
		};
		4ACB71C322E6CC9A002F9A83 = {
			isa = PBXGroup;
			children = (
				4ACB71CE22E6CC9A002F9A83 /* audio */,
				4ACB71E122E6CC9C002F9A83 /* audioTests */,
				4ACB71EC22E6CC9C002F9A83 /* audioUITests */,
				4ACB71CD22E6CC9A002F9A83 /* Products */,
				4A067CDC22F2A68800676FAD /* Frameworks */,
			);
			sourceTree = "<group>";
		};
		4ACB71CD22E6CC9A002F9A83 /* Products */ = {
			isa = PBXGroup;
			children = (
				4ACB71CC22E6CC9A002F9A83 /* audio.app */,
				4ACB71DE22E6CC9C002F9A83 /* audioTests.xctest */,
				4ACB71E922E6CC9C002F9A83 /* audioUITests.xctest */,
			);
			name = Products;
			sourceTree = "<group>";
		};
		4ACB71CE22E6CC9A002F9A83 /* audio */ = {
			isa = PBXGroup;
			children = (
				4ACB71CF22E6CC9A002F9A83 /* AppDelegate.swift */,
				4ACB71D122E6CC9A002F9A83 /* ViewController.swift */,
				4ACB71FB22E6CCF4002F9A83 /* PlayAudio.swift */,
				4A12982022F3D1FC0015FC38 /* PlayAudioUnit.swift */,
				4ACB71D322E6CC9C002F9A83 /* Assets.xcassets */,
				4ACB71D522E6CC9C002F9A83 /* Main.storyboard */,
				4ACB71D822E6CC9C002F9A83 /* Info.plist */,
				4ACB71D922E6CC9C002F9A83 /* audio.entitlements */,
				4AFF36A622F43F16005E0541 /* PlayAudioBuffer.swift */,
				4AD9312622FA6A2E00F32B5A /* PlayAL.swift */,
				4ABAB45B2300FF41002198A4 /* PlayerALStream.swift */,
				4A70985322F7D277001C2ECE /* PlayAudioSpeech.swift */,
			);
			path = audio;
			sourceTree = "<group>";
		};
		4ACB71E122E6CC9C002F9A83 /* audioTests */ = {
			isa = PBXGroup;
			children = (
				4ACB71E222E6CC9C002F9A83 /* audioTests.swift */,
				4ACB71E422E6CC9C002F9A83 /* Info.plist */,
			);
			path = audioTests;
			sourceTree = "<group>";
		};
		4ACB71EC22E6CC9C002F9A83 /* audioUITests */ = {
			isa = PBXGroup;
			children = (
				4ACB71ED22E6CC9C002F9A83 /* audioUITests.swift */,
				4ACB71EF22E6CC9C002F9A83 /* Info.plist */,
			);
			path = audioUITests;
			sourceTree = "<group>";
		};
/* End PBXGroup section */

/* Begin PBXNativeTarget section */
		4ACB71CB22E6CC9A002F9A83 /* audio */ = {
			isa = PBXNativeTarget;
			buildConfigurationList = 4ACB71F222E6CC9C002F9A83 /* Build configuration list for PBXNativeTarget "audio" */;
			buildPhases = (
				4ACB71C822E6CC9A002F9A83 /* Sources */,
				4ACB71C922E6CC9A002F9A83 /* Frameworks */,
				4ACB71CA22E6CC9A002F9A83 /* Resources */,
			);
			buildRules = (
			);
			dependencies = (
			);
			name = audio;
			productName = audio;
			productReference = 4ACB71CC22E6CC9A002F9A83 /* audio.app */;
			productType = "com.apple.product-type.application";
		};
		4ACB71DD22E6CC9C002F9A83 /* audioTests */ = {
			isa = PBXNativeTarget;
			buildConfigurationList = 4ACB71F522E6CC9C002F9A83 /* Build configuration list for PBXNativeTarget "audioTests" */;
			buildPhases = (
				4ACB71DA22E6CC9C002F9A83 /* Sources */,
				4ACB71DB22E6CC9C002F9A83 /* Frameworks */,
				4ACB71DC22E6CC9C002F9A83 /* Resources */,
			);
			buildRules = (
			);
			dependencies = (
				4ACB71E022E6CC9C002F9A83 /* PBXTargetDependency */,
			);
			name = audioTests;
			productName = audioTests;
			productReference = 4ACB71DE22E6CC9C002F9A83 /* audioTests.xctest */;
			productType = "com.apple.product-type.bundle.unit-test";
		};
		4ACB71E822E6CC9C002F9A83 /* audioUITests */ = {
			isa = PBXNativeTarget;
			buildConfigurationList = 4ACB71F822E6CC9C002F9A83 /* Build configuration list for PBXNativeTarget "audioUITests" */;
			buildPhases = (
				4ACB71E522E6CC9C002F9A83 /* Sources */,
				4ACB71E622E6CC9C002F9A83 /* Frameworks */,
				4ACB71E722E6CC9C002F9A83 /* Resources */,
			);
			buildRules = (
			);
			dependencies = (
				4ACB71EB22E6CC9C002F9A83 /* PBXTargetDependency */,
			);
			name = audioUITests;
			productName = audioUITests;
			productReference = 4ACB71E922E6CC9C002F9A83 /* audioUITests.xctest */;
			productType = "com.apple.product-type.bundle.ui-testing";
		};
/* End PBXNativeTarget section */

/* Begin PBXProject section */
		4ACB71C422E6CC9A002F9A83 /* Project object */ = {
			isa = PBXProject;
			attributes = {
				LastSwiftUpdateCheck = 1030;
				LastUpgradeCheck = 1030;
				ORGANIZATIONNAME = harry;
				TargetAttributes = {
					4ACB71CB22E6CC9A002F9A83 = {
						CreatedOnToolsVersion = 10.3;
						LastSwiftMigration = 1030;
						SystemCapabilities = {
							com.apple.Sandbox = {
								enabled = 0;
							};
						};
					};
					4ACB71DD22E6CC9C002F9A83 = {
						CreatedOnToolsVersion = 10.3;
						TestTargetID = 4ACB71CB22E6CC9A002F9A83;
					};
					4ACB71E822E6CC9C002F9A83 = {
						CreatedOnToolsVersion = 10.3;
						TestTargetID = 4ACB71CB22E6CC9A002F9A83;
					};
				};
			};
			buildConfigurationList = 4ACB71C722E6CC9A002F9A83 /* Build configuration list for PBXProject "audio" */;
			compatibilityVersion = "Xcode 9.3";
			developmentRegion = en;
			hasScannedForEncodings = 0;
			knownRegions = (
				en,
				Base,
			);
			mainGroup = 4ACB71C322E6CC9A002F9A83;
			productRefGroup = 4ACB71CD22E6CC9A002F9A83 /* Products */;
			projectDirPath = "";
			projectRoot = "";
			targets = (
				4ACB71CB22E6CC9A002F9A83 /* audio */,
				4ACB71DD22E6CC9C002F9A83 /* audioTests */,
				4ACB71E822E6CC9C002F9A83 /* audioUITests */,
			);
		};
/* End PBXProject section */

/* Begin PBXResourcesBuildPhase section */
		4ACB71CA22E6CC9A002F9A83 /* Resources */ = {
			isa = PBXResourcesBuildPhase;
			buildActionMask = 2147483647;
			files = (
				4ACB71D422E6CC9C002F9A83 /* Assets.xcassets in Resources */,
				4ACB71D722E6CC9C002F9A83 /* Main.storyboard in Resources */,
			);
			runOnlyForDeploymentPostprocessing = 0;
		};
		4ACB71DC22E6CC9C002F9A83 /* Resources */ = {
			isa = PBXResourcesBuildPhase;
			buildActionMask = 2147483647;
			files = (
			);
			runOnlyForDeploymentPostprocessing = 0;
		};
		4ACB71E722E6CC9C002F9A83 /* Resources */ = {
			isa = PBXResourcesBuildPhase;
			buildActionMask = 2147483647;
			files = (
			);
			runOnlyForDeploymentPostprocessing = 0;
		};
/* End PBXResourcesBuildPhase section */

/* Begin PBXSourcesBuildPhase section */
		4ACB71C822E6CC9A002F9A83 /* Sources */ = {
			isa = PBXSourcesBuildPhase;
			buildActionMask = 2147483647;
			files = (
				4A70985422F7D277001C2ECE /* PlayAudioSpeech.swift in Sources */,
				4ACB71D222E6CC9A002F9A83 /* ViewController.swift in Sources */,
				4ACB71D022E6CC9A002F9A83 /* AppDelegate.swift in Sources */,
				4AD9312722FA6A2E00F32B5A /* PlayAL.swift in Sources */,
				4A12982122F3D1FC0015FC38 /* PlayAudioUnit.swift in Sources */,
				4ABAB45C2300FF41002198A4 /* PlayerALStream.swift in Sources */,
				4ACB71FC22E6CCF4002F9A83 /* PlayAudio.swift in Sources */,
				4AFF36A722F43F16005E0541 /* PlayAudioBuffer.swift in Sources */,
			);
			runOnlyForDeploymentPostprocessing = 0;
		};
		4ACB71DA22E6CC9C002F9A83 /* Sources */ = {
			isa = PBXSourcesBuildPhase;
			buildActionMask = 2147483647;
			files = (
				4ACB71E322E6CC9C002F9A83 /* audioTests.swift in Sources */,
			);
			runOnlyForDeploymentPostprocessing = 0;
		};
		4ACB71E522E6CC9C002F9A83 /* Sources */ = {
			isa = PBXSourcesBuildPhase;
			buildActionMask = 2147483647;
			files = (
				4ACB71EE22E6CC9C002F9A83 /* audioUITests.swift in Sources */,
			);
			runOnlyForDeploymentPostprocessing = 0;
		};
/* End PBXSourcesBuildPhase section */

/* Begin PBXTargetDependency section */
		4ACB71E022E6CC9C002F9A83 /* PBXTargetDependency */ = {
			isa = PBXTargetDependency;
			target = 4ACB71CB22E6CC9A002F9A83 /* audio */;
			targetProxy = 4ACB71DF22E6CC9C002F9A83 /* PBXContainerItemProxy */;
		};
		4ACB71EB22E6CC9C002F9A83 /* PBXTargetDependency */ = {
			isa = PBXTargetDependency;
			target = 4ACB71CB22E6CC9A002F9A83 /* audio */;
			targetProxy = 4ACB71EA22E6CC9C002F9A83 /* PBXContainerItemProxy */;
		};
/* End PBXTargetDependency section */

/* Begin PBXVariantGroup section */
		4ACB71D522E6CC9C002F9A83 /* Main.storyboard */ = {
			isa = PBXVariantGroup;
			children = (
				4ACB71D622E6CC9C002F9A83 /* Base */,
			);
			name = Main.storyboard;
			sourceTree = "<group>";
		};
/* End PBXVariantGroup section */

/* Begin XCBuildConfiguration section */
		4ACB71F022E6CC9C002F9A83 /* Debug */ = {
			isa = XCBuildConfiguration;
			buildSettings = {
				ALWAYS_SEARCH_USER_PATHS = NO;
				CLANG_ANALYZER_NONNULL = YES;
				CLANG_ANALYZER_NUMBER_OBJECT_CONVERSION = YES_AGGRESSIVE;
				CLANG_CXX_LANGUAGE_STANDARD = "gnu++14";
				CLANG_CXX_LIBRARY = "libc++";
				CLANG_ENABLE_MODULES = YES;
				CLANG_ENABLE_OBJC_ARC = YES;
				CLANG_ENABLE_OBJC_WEAK = YES;
				CLANG_WARN_BLOCK_CAPTURE_AUTORELEASING = YES;
				CLANG_WARN_BOOL_CONVERSION = YES;
				CLANG_WARN_COMMA = YES;
				CLANG_WARN_CONSTANT_CONVERSION = YES;
				CLANG_WARN_DEPRECATED_OBJC_IMPLEMENTATIONS = YES;
				CLANG_WARN_DIRECT_OBJC_ISA_USAGE = YES_ERROR;
				CLANG_WARN_DOCUMENTATION_COMMENTS = YES;
				CLANG_WARN_EMPTY_BODY = YES;
				CLANG_WARN_ENUM_CONVERSION = YES;
				CLANG_WARN_INFINITE_RECURSION = YES;
				CLANG_WARN_INT_CONVERSION = YES;
				CLANG_WARN_NON_LITERAL_NULL_CONVERSION = YES;
				CLANG_WARN_OBJC_IMPLICIT_RETAIN_SELF = YES;
				CLANG_WARN_OBJC_LITERAL_CONVERSION = YES;
				CLANG_WARN_OBJC_ROOT_CLASS = YES_ERROR;
				CLANG_WARN_RANGE_LOOP_ANALYSIS = YES;
				CLANG_WARN_STRICT_PROTOTYPES = YES;
				CLANG_WARN_SUSPICIOUS_MOVE = YES;
				CLANG_WARN_UNGUARDED_AVAILABILITY = YES_AGGRESSIVE;
				CLANG_WARN_UNREACHABLE_CODE = YES;
				CLANG_WARN__DUPLICATE_METHOD_MATCH = YES;
				CODE_SIGN_IDENTITY = "Mac Developer";
				COPY_PHASE_STRIP = NO;
				DEBUG_INFORMATION_FORMAT = dwarf;
				ENABLE_STRICT_OBJC_MSGSEND = YES;
				ENABLE_TESTABILITY = YES;
				GCC_C_LANGUAGE_STANDARD = gnu11;
				GCC_DYNAMIC_NO_PIC = NO;
				GCC_NO_COMMON_BLOCKS = YES;
				GCC_OPTIMIZATION_LEVEL = 0;
				GCC_PREPROCESSOR_DEFINITIONS = (
					"DEBUG=1",
					"$(inherited)",
				);
				GCC_WARN_64_TO_32_BIT_CONVERSION = YES;
				GCC_WARN_ABOUT_RETURN_TYPE = YES_ERROR;
				GCC_WARN_UNDECLARED_SELECTOR = YES;
				GCC_WARN_UNINITIALIZED_AUTOS = YES_AGGRESSIVE;
				GCC_WARN_UNUSED_FUNCTION = YES;
				GCC_WARN_UNUSED_VARIABLE = YES;
				MACOSX_DEPLOYMENT_TARGET = 10.14;
				MTL_ENABLE_DEBUG_INFO = INCLUDE_SOURCE;
				MTL_FAST_MATH = YES;
				ONLY_ACTIVE_ARCH = YES;
				SDKROOT = macosx;
				SWIFT_ACTIVE_COMPILATION_CONDITIONS = DEBUG;
				SWIFT_OPTIMIZATION_LEVEL = "-Onone";
			};
			name = Debug;
		};
		4ACB71F122E6CC9C002F9A83 /* Release */ = {
			isa = XCBuildConfiguration;
			buildSettings = {
				ALWAYS_SEARCH_USER_PATHS = NO;
				CLANG_ANALYZER_NONNULL = YES;
				CLANG_ANALYZER_NUMBER_OBJECT_CONVERSION = YES_AGGRESSIVE;
				CLANG_CXX_LANGUAGE_STANDARD = "gnu++14";
				CLANG_CXX_LIBRARY = "libc++";
				CLANG_ENABLE_MODULES = YES;
				CLANG_ENABLE_OBJC_ARC = YES;
				CLANG_ENABLE_OBJC_WEAK = YES;
				CLANG_WARN_BLOCK_CAPTURE_AUTORELEASING = YES;
				CLANG_WARN_BOOL_CONVERSION = YES;
				CLANG_WARN_COMMA = YES;
				CLANG_WARN_CONSTANT_CONVERSION = YES;
				CLANG_WARN_DEPRECATED_OBJC_IMPLEMENTATIONS = YES;
				CLANG_WARN_DIRECT_OBJC_ISA_USAGE = YES_ERROR;
				CLANG_WARN_DOCUMENTATION_COMMENTS = YES;
				CLANG_WARN_EMPTY_BODY = YES;
				CLANG_WARN_ENUM_CONVERSION = YES;
				CLANG_WARN_INFINITE_RECURSION = YES;
				CLANG_WARN_INT_CONVERSION = YES;
				CLANG_WARN_NON_LITERAL_NULL_CONVERSION = YES;
				CLANG_WARN_OBJC_IMPLICIT_RETAIN_SELF = YES;
				CLANG_WARN_OBJC_LITERAL_CONVERSION = YES;
				CLANG_WARN_OBJC_ROOT_CLASS = YES_ERROR;
				CLANG_WARN_RANGE_LOOP_ANALYSIS = YES;
				CLANG_WARN_STRICT_PROTOTYPES = YES;
				CLANG_WARN_SUSPICIOUS_MOVE = YES;
				CLANG_WARN_UNGUARDED_AVAILABILITY = YES_AGGRESSIVE;
				CLANG_WARN_UNREACHABLE_CODE = YES;
				CLANG_WARN__DUPLICATE_METHOD_MATCH = YES;
				CODE_SIGN_IDENTITY = "Mac Developer";
				COPY_PHASE_STRIP = NO;
				DEBUG_INFORMATION_FORMAT = "dwarf-with-dsym";
				ENABLE_NS_ASSERTIONS = NO;
				ENABLE_STRICT_OBJC_MSGSEND = YES;
				GCC_C_LANGUAGE_STANDARD = gnu11;
				GCC_NO_COMMON_BLOCKS = YES;
				GCC_WARN_64_TO_32_BIT_CONVERSION = YES;
				GCC_WARN_ABOUT_RETURN_TYPE = YES_ERROR;
				GCC_WARN_UNDECLARED_SELECTOR = YES;
				GCC_WARN_UNINITIALIZED_AUTOS = YES_AGGRESSIVE;
				GCC_WARN_UNUSED_FUNCTION = YES;
				GCC_WARN_UNUSED_VARIABLE = YES;
				MACOSX_DEPLOYMENT_TARGET = 10.14;
				MTL_ENABLE_DEBUG_INFO = NO;
				MTL_FAST_MATH = YES;
				SDKROOT = macosx;
				SWIFT_COMPILATION_MODE = wholemodule;
				SWIFT_OPTIMIZATION_LEVEL = "-O";
			};
			name = Release;
		};
		4ACB71F322E6CC9C002F9A83 /* Debug */ = {
			isa = XCBuildConfiguration;
			buildSettings = {
				ASSETCATALOG_COMPILER_APPICON_NAME = AppIcon;
				CLANG_ENABLE_MODULES = YES;
				CODE_SIGN_STYLE = Automatic;
				COMBINE_HIDPI_IMAGES = YES;
				DEVELOPMENT_TEAM = MPRS425DHF;
				INFOPLIST_FILE = audio/Info.plist;
				LD_RUNPATH_SEARCH_PATHS = (
					"$(inherited)",
					"@executable_path/../Frameworks",
				);
				PRODUCT_BUNDLE_IDENTIFIER = com.goubaa.audio;
				PRODUCT_NAME = "$(TARGET_NAME)";
				SWIFT_OBJC_BRIDGING_HEADER = "";
				SWIFT_OPTIMIZATION_LEVEL = "-Onone";
				SWIFT_VERSION = 5.0;
			};
			name = Debug;
		};
		4ACB71F422E6CC9C002F9A83 /* Release */ = {
			isa = XCBuildConfiguration;
			buildSettings = {
				ASSETCATALOG_COMPILER_APPICON_NAME = AppIcon;
				CLANG_ENABLE_MODULES = YES;
				CODE_SIGN_STYLE = Automatic;
				COMBINE_HIDPI_IMAGES = YES;
				DEVELOPMENT_TEAM = MPRS425DHF;
				INFOPLIST_FILE = audio/Info.plist;
				LD_RUNPATH_SEARCH_PATHS = (
					"$(inherited)",
					"@executable_path/../Frameworks",
				);
				PRODUCT_BUNDLE_IDENTIFIER = com.goubaa.audio;
				PRODUCT_NAME = "$(TARGET_NAME)";
				SWIFT_OBJC_BRIDGING_HEADER = "";
				SWIFT_VERSION = 5.0;
			};
			name = Release;
		};
		4ACB71F622E6CC9C002F9A83 /* Debug */ = {
			isa = XCBuildConfiguration;
			buildSettings = {
				ALWAYS_EMBED_SWIFT_STANDARD_LIBRARIES = YES;
				BUNDLE_LOADER = "$(TEST_HOST)";
				CODE_SIGN_STYLE = Automatic;
				COMBINE_HIDPI_IMAGES = YES;
				DEVELOPMENT_TEAM = MPRS425DHF;
				INFOPLIST_FILE = audioTests/Info.plist;
				LD_RUNPATH_SEARCH_PATHS = (
					"$(inherited)",
					"@executable_path/../Frameworks",
					"@loader_path/../Frameworks",
				);
				PRODUCT_BUNDLE_IDENTIFIER = com.goubaa.audioTests;
				PRODUCT_NAME = "$(TARGET_NAME)";
				SWIFT_VERSION = 5.0;
				TEST_HOST = "$(BUILT_PRODUCTS_DIR)/audio.app/Contents/MacOS/audio";
			};
			name = Debug;
		};
		4ACB71F722E6CC9C002F9A83 /* Release */ = {
			isa = XCBuildConfiguration;
			buildSettings = {
				ALWAYS_EMBED_SWIFT_STANDARD_LIBRARIES = YES;
				BUNDLE_LOADER = "$(TEST_HOST)";
				CODE_SIGN_STYLE = Automatic;
				COMBINE_HIDPI_IMAGES = YES;
				DEVELOPMENT_TEAM = MPRS425DHF;
				INFOPLIST_FILE = audioTests/Info.plist;
				LD_RUNPATH_SEARCH_PATHS = (
					"$(inherited)",
					"@executable_path/../Frameworks",
					"@loader_path/../Frameworks",
				);
				PRODUCT_BUNDLE_IDENTIFIER = com.goubaa.audioTests;
				PRODUCT_NAME = "$(TARGET_NAME)";
				SWIFT_VERSION = 5.0;
				TEST_HOST = "$(BUILT_PRODUCTS_DIR)/audio.app/Contents/MacOS/audio";
			};
			name = Release;
		};
		4ACB71F922E6CC9C002F9A83 /* Debug */ = {
			isa = XCBuildConfiguration;
			buildSettings = {
				ALWAYS_EMBED_SWIFT_STANDARD_LIBRARIES = YES;
				CODE_SIGN_STYLE = Automatic;
				COMBINE_HIDPI_IMAGES = YES;
				DEVELOPMENT_TEAM = MPRS425DHF;
				INFOPLIST_FILE = audioUITests/Info.plist;
				LD_RUNPATH_SEARCH_PATHS = (
					"$(inherited)",
					"@executable_path/../Frameworks",
					"@loader_path/../Frameworks",
				);
				PRODUCT_BUNDLE_IDENTIFIER = com.goubaa.audioUITests;
				PRODUCT_NAME = "$(TARGET_NAME)";
				SWIFT_VERSION = 5.0;
				TEST_TARGET_NAME = audio;
			};
			name = Debug;
		};
		4ACB71FA22E6CC9C002F9A83 /* Release */ = {
			isa = XCBuildConfiguration;
			buildSettings = {
				ALWAYS_EMBED_SWIFT_STANDARD_LIBRARIES = YES;
				CODE_SIGN_STYLE = Automatic;
				COMBINE_HIDPI_IMAGES = YES;
				DEVELOPMENT_TEAM = MPRS425DHF;
				INFOPLIST_FILE = audioUITests/Info.plist;
				LD_RUNPATH_SEARCH_PATHS = (
					"$(inherited)",
					"@executable_path/../Frameworks",
					"@loader_path/../Frameworks",
				);
				PRODUCT_BUNDLE_IDENTIFIER = com.goubaa.audioUITests;
				PRODUCT_NAME = "$(TARGET_NAME)";
				SWIFT_VERSION = 5.0;
				TEST_TARGET_NAME = audio;
			};
			name = Release;
		};
/* End XCBuildConfiguration section */

/* Begin XCConfigurationList section */
		4ACB71C722E6CC9A002F9A83 /* Build configuration list for PBXProject "audio" */ = {
			isa = XCConfigurationList;
			buildConfigurations = (
				4ACB71F022E6CC9C002F9A83 /* Debug */,
				4ACB71F122E6CC9C002F9A83 /* Release */,
			);
			defaultConfigurationIsVisible = 0;
			defaultConfigurationName = Release;
		};
		4ACB71F222E6CC9C002F9A83 /* Build configuration list for PBXNativeTarget "audio" */ = {
			isa = XCConfigurationList;
			buildConfigurations = (
				4ACB71F322E6CC9C002F9A83 /* Debug */,
				4ACB71F422E6CC9C002F9A83 /* Release */,
			);
			defaultConfigurationIsVisible = 0;
			defaultConfigurationName = Release;
		};
		4ACB71F522E6CC9C002F9A83 /* Build configuration list for PBXNativeTarget "audioTests" */ = {
			isa = XCConfigurationList;
			buildConfigurations = (
				4ACB71F622E6CC9C002F9A83 /* Debug */,
				4ACB71F722E6CC9C002F9A83 /* Release */,
			);
			defaultConfigurationIsVisible = 0;
			defaultConfigurationName = Release;
		};
		4ACB71F822E6CC9C002F9A83 /* Build configuration list for PBXNativeTarget "audioUITests" */ = {
			isa = XCConfigurationList;
			buildConfigurations = (
				4ACB71F922E6CC9C002F9A83 /* Debug */,
				4ACB71FA22E6CC9C002F9A83 /* Release */,
			);
			defaultConfigurationIsVisible = 0;
			defaultConfigurationName = Release;
		};
/* End XCConfigurationList section */
	};
	rootObject = 4ACB71C422E6CC9A002F9A83 /* Project object */;
}
